
Microsoft Visual Studio Solution File, Format Version 12.00
# Visual Studio Version 17
VisualStudioVersion = 17.9.34728.123
MinimumVisualStudioVersion = 10.0.40219.1
Project("{FAE04EC0-301F-11D3-BF4B-00C04F79EFBC}") = "ManipulacaoVetor", "ManipulacaoVetor\ManipulacaoVetor.csproj", "{36EAA1F5-4811-408C-8379-83DD5EA37F7F}"
EndProject
Global
	GlobalSection(SolutionConfigurationPlatforms) = preSolution
		Debug|Any CPU = Debug|Any CPU
		Release|Any CPU = Release|Any CPU
	EndGlobalSection
	GlobalSection(ProjectConfigurationPlatforms) = postSolution
		{36EAA1F5-4811-408C-8379-83DD5EA37F7F}.Debug|Any CPU.ActiveCfg = Debug|Any CPU
		{36EAA1F5-4811-408C-8379-83DD5EA37F7F}.Debug|Any CPU.Build.0 = Debug|Any CPU
		{36EAA1F5-4811-408C-8379-83DD5EA37F7F}.Release|Any CPU.ActiveCfg = Release|Any CPU
		{36EAA1F5-4811-408C-8379-83DD5EA37F7F}.Release|Any CPU.Build.0 = Release|Any CPU
	EndGlobalSection
	GlobalSection(SolutionProperties) = preSolution
		HideSolutionNode = FALSE
	EndGlobalSection
	GlobalSection(ExtensibilityGlobals) = postSolution
		SolutionGuid = {E5A67EDE-02CF-4668-B53F-9706ED6C5FB0}
	EndGlobalSection
EndGlobal
